
Microsoft Visual Studio Solution File, Format Version 12.00
# Visual Studio 15
VisualStudioVersion = 15.0.27703.2042
MinimumVisualStudioVersion = 10.0.40219.1
Project("{FAE04EC0-301F-11D3-BF4B-00C04F79EFBC}") = "test1", "test1\test1.csproj", "{16C8549D-7466-451E-AEAD-6947F9B4766D}"
EndProject
Global
	GlobalSection(SolutionConfigurationPlatforms) = preSolution
		Debug|Any CPU = Debug|Any CPU
		Release|Any CPU = Release|Any CPU
	EndGlobalSection
	GlobalSection(ProjectConfigurationPlatforms) = postSolution
		{16C8549D-7466-451E-AEAD-6947F9B4766D}.Debug|Any CPU.ActiveCfg = Debug|Any CPU
		{16C8549D-7466-451E-AEAD-6947F9B4766D}.Debug|Any CPU.Build.0 = Debug|Any CPU
		{16C8549D-7466-451E-AEAD-6947F9B4766D}.Release|Any CPU.ActiveCfg = Release|Any CPU
		{16C8549D-7466-451E-AEAD-6947F9B4766D}.Release|Any CPU.Build.0 = Release|Any CPU
	EndGlobalSection
	GlobalSection(SolutionProperties) = preSolution
		HideSolutionNode = FALSE
	EndGlobalSection
	GlobalSection(ExtensibilityGlobals) = postSolution
		SolutionGuid = {5C0A2D1A-840A-4338-9C78-08BA0F30955A}
	EndGlobalSection
EndGlobal
